
Microsoft Visual Studio Solution File, Format Version 12.00
# Visual Studio Version 17
VisualStudioVersion = 17.9.34723.18
MinimumVisualStudioVersion = 10.0.40219.1
Project("{FAE04EC0-301F-11D3-BF4B-00C04F79EFBC}") = "CSharpDSA", "CSharpDSA\CSharpDSA.csproj", "{17086ABA-2EA0-4443-9B54-8573C53B54DB}"
EndProject
Global
	GlobalSection(SolutionConfigurationPlatforms) = preSolution
		Debug|Any CPU = Debug|Any CPU
		Release|Any CPU = Release|Any CPU
	EndGlobalSection
	GlobalSection(ProjectConfigurationPlatforms) = postSolution
		{17086ABA-2EA0-4443-9B54-8573C53B54DB}.Debug|Any CPU.ActiveCfg = Debug|Any CPU
		{17086ABA-2EA0-4443-9B54-8573C53B54DB}.Debug|Any CPU.Build.0 = Debug|Any CPU
		{17086ABA-2EA0-4443-9B54-8573C53B54DB}.Release|Any CPU.ActiveCfg = Release|Any CPU
		{17086ABA-2EA0-4443-9B54-8573C53B54DB}.Release|Any CPU.Build.0 = Release|Any CPU
	EndGlobalSection
	GlobalSection(SolutionProperties) = preSolution
		HideSolutionNode = FALSE
	EndGlobalSection
	GlobalSection(ExtensibilityGlobals) = postSolution
		SolutionGuid = {197A340A-006A-4417-BB5E-33E1CC36DBA1}
	EndGlobalSection
EndGlobal
